
Microsoft Visual Studio Solution File, Format Version 12.00
Project("{FAE04EC0-301F-11D3-BF4B-00C04F79EFBC}") = "reporteador_HRA", "reporteador_HRA\reporteador_HRA.csproj", "{C6162D8C-F65A-455A-BF70-2E953C8D1FA8}"
EndProject
Project("{FAE04EC0-301F-11D3-BF4B-00C04F79EFBC}") = "DB", "DB\DB.csproj", "{AFB3D537-CE97-40BC-8C3E-0CA9D3CF6421}"
EndProject
Global
	GlobalSection(SolutionConfigurationPlatforms) = preSolution
		Debug|Any CPU = Debug|Any CPU
		Release|Any CPU = Release|Any CPU
	EndGlobalSection
	GlobalSection(ProjectConfigurationPlatforms) = postSolution
		{C6162D8C-F65A-455A-BF70-2E953C8D1FA8}.Debug|Any CPU.ActiveCfg = Debug|Any CPU
		{C6162D8C-F65A-455A-BF70-2E953C8D1FA8}.Debug|Any CPU.Build.0 = Debug|Any CPU
		{C6162D8C-F65A-455A-BF70-2E953C8D1FA8}.Release|Any CPU.ActiveCfg = Release|Any CPU
		{C6162D8C-F65A-455A-BF70-2E953C8D1FA8}.Release|Any CPU.Build.0 = Release|Any CPU
		{AFB3D537-CE97-40BC-8C3E-0CA9D3CF6421}.Debug|Any CPU.ActiveCfg = Debug|Any CPU
		{AFB3D537-CE97-40BC-8C3E-0CA9D3CF6421}.Debug|Any CPU.Build.0 = Debug|Any CPU
		{AFB3D537-CE97-40BC-8C3E-0CA9D3CF6421}.Release|Any CPU.ActiveCfg = Release|Any CPU
		{AFB3D537-CE97-40BC-8C3E-0CA9D3CF6421}.Release|Any CPU.Build.0 = Release|Any CPU
	EndGlobalSection
EndGlobal
